
Microsoft Visual Studio Solution File, Format Version 12.00
# Visual Studio Version 17
VisualStudioVersion = 17.8.34205.153
MinimumVisualStudioVersion = 10.0.40219.1
Project("{FAE04EC0-301F-11D3-BF4B-00C04F79EFBC}") = "APIGateway", "APIGateway\APIGateway.csproj", "{D211348D-7265-49F5-BEC0-F33CD2694FE0}"
EndProject
Project("{FAE04EC0-301F-11D3-BF4B-00C04F79EFBC}") = "VideoLibrary", "VideoLibrary\VideoLibrary.csproj", "{3166BFE6-4A56-4BA0-B279-77263BC32C8E}"
EndProject
Project("{FAE04EC0-301F-11D3-BF4B-00C04F79EFBC}") = "Account", "Account\Account.csproj", "{294690DA-1EEB-4064-9003-750C63AE8C88}"
EndProject
Project("{FAE04EC0-301F-11D3-BF4B-00C04F79EFBC}") = "RecommendationAlgo", "RecommendationAlgo\RecommendationAlgo.csproj", "{C7907B79-622E-44F4-82D8-E69138D7A705}"
EndProject
Project("{FAE04EC0-301F-11D3-BF4B-00C04F79EFBC}") = "Upload", "Upload\Upload.csproj", "{A596B75B-7C96-4698-8717-4413700BCFB6}"
EndProject
Project("{FAE04EC0-301F-11D3-BF4B-00C04F79EFBC}") = "Common", "Common\Common.csproj", "{14EEF60A-B38A-40C8-9AB2-3DE0109E7888}"
EndProject
Global
	GlobalSection(SolutionConfigurationPlatforms) = preSolution
		Debug|Any CPU = Debug|Any CPU
		Release|Any CPU = Release|Any CPU
	EndGlobalSection
	GlobalSection(ProjectConfigurationPlatforms) = postSolution
		{D211348D-7265-49F5-BEC0-F33CD2694FE0}.Debug|Any CPU.ActiveCfg = Debug|Any CPU
		{D211348D-7265-49F5-BEC0-F33CD2694FE0}.Debug|Any CPU.Build.0 = Debug|Any CPU
		{D211348D-7265-49F5-BEC0-F33CD2694FE0}.Release|Any CPU.ActiveCfg = Release|Any CPU
		{D211348D-7265-49F5-BEC0-F33CD2694FE0}.Release|Any CPU.Build.0 = Release|Any CPU
		{3166BFE6-4A56-4BA0-B279-77263BC32C8E}.Debug|Any CPU.ActiveCfg = Debug|Any CPU
		{3166BFE6-4A56-4BA0-B279-77263BC32C8E}.Debug|Any CPU.Build.0 = Debug|Any CPU
		{3166BFE6-4A56-4BA0-B279-77263BC32C8E}.Release|Any CPU.ActiveCfg = Release|Any CPU
		{3166BFE6-4A56-4BA0-B279-77263BC32C8E}.Release|Any CPU.Build.0 = Release|Any CPU
		{294690DA-1EEB-4064-9003-750C63AE8C88}.Debug|Any CPU.ActiveCfg = Debug|Any CPU
		{294690DA-1EEB-4064-9003-750C63AE8C88}.Debug|Any CPU.Build.0 = Debug|Any CPU
		{294690DA-1EEB-4064-9003-750C63AE8C88}.Release|Any CPU.ActiveCfg = Release|Any CPU
		{294690DA-1EEB-4064-9003-750C63AE8C88}.Release|Any CPU.Build.0 = Release|Any CPU
		{C7907B79-622E-44F4-82D8-E69138D7A705}.Debug|Any CPU.ActiveCfg = Debug|Any CPU
		{C7907B79-622E-44F4-82D8-E69138D7A705}.Debug|Any CPU.Build.0 = Debug|Any CPU
		{C7907B79-622E-44F4-82D8-E69138D7A705}.Release|Any CPU.ActiveCfg = Release|Any CPU
		{C7907B79-622E-44F4-82D8-E69138D7A705}.Release|Any CPU.Build.0 = Release|Any CPU
		{A596B75B-7C96-4698-8717-4413700BCFB6}.Debug|Any CPU.ActiveCfg = Debug|Any CPU
		{A596B75B-7C96-4698-8717-4413700BCFB6}.Debug|Any CPU.Build.0 = Debug|Any CPU
		{A596B75B-7C96-4698-8717-4413700BCFB6}.Release|Any CPU.ActiveCfg = Release|Any CPU
		{A596B75B-7C96-4698-8717-4413700BCFB6}.Release|Any CPU.Build.0 = Release|Any CPU
		{14EEF60A-B38A-40C8-9AB2-3DE0109E7888}.Debug|Any CPU.ActiveCfg = Debug|Any CPU
		{14EEF60A-B38A-40C8-9AB2-3DE0109E7888}.Debug|Any CPU.Build.0 = Debug|Any CPU
		{14EEF60A-B38A-40C8-9AB2-3DE0109E7888}.Release|Any CPU.ActiveCfg = Release|Any CPU
		{14EEF60A-B38A-40C8-9AB2-3DE0109E7888}.Release|Any CPU.Build.0 = Release|Any CPU
	EndGlobalSection
	GlobalSection(SolutionProperties) = preSolution
		HideSolutionNode = FALSE
	EndGlobalSection
EndGlobal
